// !$*UTF8*$!
{
	archiveVersion = 1;
	classes = {
	};
	objectVersion = 77;
	objects = {

/* Begin PBXBuildFile section */
		45152D662D40C45100471CDA /* TestaStorageView.swift in Sources */ = {isa = PBXBuildFile; fileRef = 45152D652D40C45100471CDA /* TestaStorageView.swift */; };
		45152D692D40C62200471CDA /* FirebaseAnalytics in Frameworks */ = {isa = PBXBuildFile; productRef = 45152D682D40C62200471CDA /* FirebaseAnalytics */; };
		45152D6B2D40C62200471CDA /* FirebaseAuth in Frameworks */ = {isa = PBXBuildFile; productRef = 45152D6A2D40C62200471CDA /* FirebaseAuth */; };
		45152D6D2D40C62200471CDA /* FirebaseCore in Frameworks */ = {isa = PBXBuildFile; productRef = 45152D6C2D40C62200471CDA /* FirebaseCore */; };
		45152D6F2D40C62200471CDA /* FirebaseCrashlytics in Frameworks */ = {isa = PBXBuildFile; productRef = 45152D6E2D40C62200471CDA /* FirebaseCrashlytics */; };
		45152D712D40C62200471CDA /* FirebaseStorage in Frameworks */ = {isa = PBXBuildFile; productRef = 45152D702D40C62200471CDA /* FirebaseStorage */; };
		45152D732D4102B300471CDA /* FirebaseDatabase in Frameworks */ = {isa = PBXBuildFile; productRef = 45152D722D4102B300471CDA /* FirebaseDatabase */; };
		45603A922D3E6AA300A19D6C /* MainTabView.swift in Sources */ = {isa = PBXBuildFile; fileRef = 45603A912D3E6AA300A19D6C /* MainTabView.swift */; };
		45603A942D3E6F9100A19D6C /* ListView.swift in Sources */ = {isa = PBXBuildFile; fileRef = 45603A932D3E6F9100A19D6C /* ListView.swift */; };
		45603A962D3E6FAE00A19D6C /* ProfileView.swift in Sources */ = {isa = PBXBuildFile; fileRef = 45603A952D3E6FAE00A19D6C /* ProfileView.swift */; };
		459DED8E2D47AF8900036181 /* SwiperView.swift in Sources */ = {isa = PBXBuildFile; fileRef = 459DED8D2D47AF8900036181 /* SwiperView.swift */; };
		459DED902D47B4F700036181 /* SplashView.swift in Sources */ = {isa = PBXBuildFile; fileRef = 459DED8F2D47B4F700036181 /* SplashView.swift */; };
		459DED922D47BE5200036181 /* Launch Screen.storyboard in Resources */ = {isa = PBXBuildFile; fileRef = 459DED912D47BE5200036181 /* Launch Screen.storyboard */; };
		45F4142C2D2998AF00726A3D /* LoginView.swift in Sources */ = {isa = PBXBuildFile; fileRef = 45F4142B2D2998AF00726A3D /* LoginView.swift */; };
		45F4142E2D2998D900726A3D /* TodoView.swift in Sources */ = {isa = PBXBuildFile; fileRef = 45F4142D2D2998D900726A3D /* TodoView.swift */; };
		45F414422D29E4A700726A3D /* TodoFB.swift in Sources */ = {isa = PBXBuildFile; fileRef = 45F414412D29E4A700726A3D /* TodoFB.swift */; };
/* End PBXBuildFile section */

/* Begin PBXFileReference section */
		45152D652D40C45100471CDA /* TestaStorageView.swift */ = {isa = PBXFileReference; lastKnownFileType = sourcecode.swift; path = TestaStorageView.swift; sourceTree = "<group>"; };
		45602D5E2D26F8B600850A72 /* pia13swiftv4.app */ = {isa = PBXFileReference; explicitFileType = wrapper.application; includeInIndex = 0; path = pia13swiftv4.app; sourceTree = BUILT_PRODUCTS_DIR; };
		45603A912D3E6AA300A19D6C /* MainTabView.swift */ = {isa = PBXFileReference; lastKnownFileType = sourcecode.swift; path = MainTabView.swift; sourceTree = "<group>"; };
		45603A932D3E6F9100A19D6C /* ListView.swift */ = {isa = PBXFileReference; lastKnownFileType = sourcecode.swift; path = ListView.swift; sourceTree = "<group>"; };
		45603A952D3E6FAE00A19D6C /* ProfileView.swift */ = {isa = PBXFileReference; lastKnownFileType = sourcecode.swift; path = ProfileView.swift; sourceTree = "<group>"; };
		459DED8D2D47AF8900036181 /* SwiperView.swift */ = {isa = PBXFileReference; lastKnownFileType = sourcecode.swift; path = SwiperView.swift; sourceTree = "<group>"; };
		459DED8F2D47B4F700036181 /* SplashView.swift */ = {isa = PBXFileReference; lastKnownFileType = sourcecode.swift; path = SplashView.swift; sourceTree = "<group>"; };
		459DED912D47BE5200036181 /* Launch Screen.storyboard */ = {isa = PBXFileReference; lastKnownFileType = file.storyboard; path = "Launch Screen.storyboard"; sourceTree = "<group>"; };
		45F4142B2D2998AF00726A3D /* LoginView.swift */ = {isa = PBXFileReference; lastKnownFileType = sourcecode.swift; path = LoginView.swift; sourceTree = "<group>"; };
		45F4142D2D2998D900726A3D /* TodoView.swift */ = {isa = PBXFileReference; lastKnownFileType = sourcecode.swift; path = TodoView.swift; sourceTree = "<group>"; };
		45F414412D29E4A700726A3D /* TodoFB.swift */ = {isa = PBXFileReference; lastKnownFileType = sourcecode.swift; path = TodoFB.swift; sourceTree = "<group>"; };
/* End PBXFileReference section */

/* Begin PBXFileSystemSynchronizedRootGroup section */
		45602D602D26F8B600850A72 /* pia13swiftv4 */ = {
			isa = PBXFileSystemSynchronizedRootGroup;
			path = pia13swiftv4;
			sourceTree = "<group>";
		};
/* End PBXFileSystemSynchronizedRootGroup section */

/* Begin PBXFrameworksBuildPhase section */
		45602D5B2D26F8B600850A72 /* Frameworks */ = {
			isa = PBXFrameworksBuildPhase;
			buildActionMask = 2147483647;
			files = (
				45152D732D4102B300471CDA /* FirebaseDatabase in Frameworks */,
				45152D692D40C62200471CDA /* FirebaseAnalytics in Frameworks */,
				45152D6F2D40C62200471CDA /* FirebaseCrashlytics in Frameworks */,
				45152D6D2D40C62200471CDA /* FirebaseCore in Frameworks */,
				45152D712D40C62200471CDA /* FirebaseStorage in Frameworks */,
				45152D6B2D40C62200471CDA /* FirebaseAuth in Frameworks */,
			);
			runOnlyForDeploymentPostprocessing = 0;
		};
/* End PBXFrameworksBuildPhase section */

/* Begin PBXGroup section */
		45602D552D26F8B600850A72 = {
			isa = PBXGroup;
			children = (
				45F414412D29E4A700726A3D /* TodoFB.swift */,
				459DED8D2D47AF8900036181 /* SwiperView.swift */,
				459DED8F2D47B4F700036181 /* SplashView.swift */,
				459DED912D47BE5200036181 /* Launch Screen.storyboard */,
				45F4142B2D2998AF00726A3D /* LoginView.swift */,
				45603A932D3E6F9100A19D6C /* ListView.swift */,
				45603A952D3E6FAE00A19D6C /* ProfileView.swift */,
				45F4142D2D2998D900726A3D /* TodoView.swift */,
				45152D652D40C45100471CDA /* TestaStorageView.swift */,
				45603A912D3E6AA300A19D6C /* MainTabView.swift */,
				45602D602D26F8B600850A72 /* pia13swiftv4 */,
				45602D5F2D26F8B600850A72 /* Products */,
			);
			sourceTree = "<group>";
		};
		45602D5F2D26F8B600850A72 /* Products */ = {
			isa = PBXGroup;
			children = (
				45602D5E2D26F8B600850A72 /* pia13swiftv4.app */,
			);
			name = Products;
			sourceTree = "<group>";
		};
/* End PBXGroup section */

/* Begin PBXNativeTarget section */
		45602D5D2D26F8B600850A72 /* pia13swiftv4 */ = {
			isa = PBXNativeTarget;
			buildConfigurationList = 45602D6C2D26F8B800850A72 /* Build configuration list for PBXNativeTarget "pia13swiftv4" */;
			buildPhases = (
				45602D5A2D26F8B600850A72 /* Sources */,
				45602D5B2D26F8B600850A72 /* Frameworks */,
				45602D5C2D26F8B600850A72 /* Resources */,
			);
			buildRules = (
			);
			dependencies = (
			);
			fileSystemSynchronizedGroups = (
				45602D602D26F8B600850A72 /* pia13swiftv4 */,
			);
			name = pia13swiftv4;
			packageProductDependencies = (
				45152D682D40C62200471CDA /* FirebaseAnalytics */,
				45152D6A2D40C62200471CDA /* FirebaseAuth */,
				45152D6C2D40C62200471CDA /* FirebaseCore */,
				45152D6E2D40C62200471CDA /* FirebaseCrashlytics */,
				45152D702D40C62200471CDA /* FirebaseStorage */,
				45152D722D4102B300471CDA /* FirebaseDatabase */,
			);
			productName = pia13swiftv4;
			productReference = 45602D5E2D26F8B600850A72 /* pia13swiftv4.app */;
			productType = "com.apple.product-type.application";
		};
/* End PBXNativeTarget section */

/* Begin PBXProject section */
		45602D562D26F8B600850A72 /* Project object */ = {
			isa = PBXProject;
			attributes = {
				BuildIndependentTargetsInParallel = 1;
				LastSwiftUpdateCheck = 1600;
				LastUpgradeCheck = 1600;
				TargetAttributes = {
					45602D5D2D26F8B600850A72 = {
						CreatedOnToolsVersion = 16.0;
					};
				};
			};
			buildConfigurationList = 45602D592D26F8B600850A72 /* Build configuration list for PBXProject "pia13swiftv4" */;
			developmentRegion = en;
			hasScannedForEncodings = 0;
			knownRegions = (
				en,
				Base,
			);
			mainGroup = 45602D552D26F8B600850A72;
			minimizedProjectReferenceProxies = 1;
			packageReferences = (
				45152D672D40C62200471CDA /* XCRemoteSwiftPackageReference "firebase-ios-sdk" */,
			);
			preferredProjectObjectVersion = 77;
			productRefGroup = 45602D5F2D26F8B600850A72 /* Products */;
			projectDirPath = "";
			projectRoot = "";
			targets = (
				45602D5D2D26F8B600850A72 /* pia13swiftv4 */,
			);
		};
/* End PBXProject section */

/* Begin PBXResourcesBuildPhase section */
		45602D5C2D26F8B600850A72 /* Resources */ = {
			isa = PBXResourcesBuildPhase;
			buildActionMask = 2147483647;
			files = (
				459DED922D47BE5200036181 /* Launch Screen.storyboard in Resources */,
			);
			runOnlyForDeploymentPostprocessing = 0;
		};
/* End PBXResourcesBuildPhase section */

/* Begin PBXSourcesBuildPhase section */
		45602D5A2D26F8B600850A72 /* Sources */ = {
			isa = PBXSourcesBuildPhase;
			buildActionMask = 2147483647;
			files = (
				45603A942D3E6F9100A19D6C /* ListView.swift in Sources */,
				45603A962D3E6FAE00A19D6C /* ProfileView.swift in Sources */,
				45F4142C2D2998AF00726A3D /* LoginView.swift in Sources */,
				459DED902D47B4F700036181 /* SplashView.swift in Sources */,
				459DED8E2D47AF8900036181 /* SwiperView.swift in Sources */,
				45F4142E2D2998D900726A3D /* TodoView.swift in Sources */,
				45152D662D40C45100471CDA /* TestaStorageView.swift in Sources */,
				45F414422D29E4A700726A3D /* TodoFB.swift in Sources */,
				45603A922D3E6AA300A19D6C /* MainTabView.swift in Sources */,
			);
			runOnlyForDeploymentPostprocessing = 0;
		};
/* End PBXSourcesBuildPhase section */

/* Begin XCBuildConfiguration section */
		45602D6A2D26F8B800850A72 /* Debug */ = {
			isa = XCBuildConfiguration;
			buildSettings = {
				ALWAYS_SEARCH_USER_PATHS = NO;
				ASSETCATALOG_COMPILER_GENERATE_SWIFT_ASSET_SYMBOL_EXTENSIONS = YES;
				CLANG_ANALYZER_NONNULL = YES;
				CLANG_ANALYZER_NUMBER_OBJECT_CONVERSION = YES_AGGRESSIVE;
				CLANG_CXX_LANGUAGE_STANDARD = "gnu++20";
				CLANG_ENABLE_MODULES = YES;
				CLANG_ENABLE_OBJC_ARC = YES;
				CLANG_ENABLE_OBJC_WEAK = YES;
				CLANG_WARN_BLOCK_CAPTURE_AUTORELEASING = YES;
				CLANG_WARN_BOOL_CONVERSION = YES;
				CLANG_WARN_COMMA = YES;
				CLANG_WARN_CONSTANT_CONVERSION = YES;
				CLANG_WARN_DEPRECATED_OBJC_IMPLEMENTATIONS = YES;
				CLANG_WARN_DIRECT_OBJC_ISA_USAGE = YES_ERROR;
				CLANG_WARN_DOCUMENTATION_COMMENTS = YES;
				CLANG_WARN_EMPTY_BODY = YES;
				CLANG_WARN_ENUM_CONVERSION = YES;
				CLANG_WARN_INFINITE_RECURSION = YES;
				CLANG_WARN_INT_CONVERSION = YES;
				CLANG_WARN_NON_LITERAL_NULL_CONVERSION = YES;
				CLANG_WARN_OBJC_IMPLICIT_RETAIN_SELF = YES;
				CLANG_WARN_OBJC_LITERAL_CONVERSION = YES;
				CLANG_WARN_OBJC_ROOT_CLASS = YES_ERROR;
				CLANG_WARN_QUOTED_INCLUDE_IN_FRAMEWORK_HEADER = YES;
				CLANG_WARN_RANGE_LOOP_ANALYSIS = YES;
				CLANG_WARN_STRICT_PROTOTYPES = YES;
				CLANG_WARN_SUSPICIOUS_MOVE = YES;
				CLANG_WARN_UNGUARDED_AVAILABILITY = YES_AGGRESSIVE;
				CLANG_WARN_UNREACHABLE_CODE = YES;
				CLANG_WARN__DUPLICATE_METHOD_MATCH = YES;
				COPY_PHASE_STRIP = NO;
				DEBUG_INFORMATION_FORMAT = dwarf;
				ENABLE_STRICT_OBJC_MSGSEND = YES;
				ENABLE_TESTABILITY = YES;
				ENABLE_USER_SCRIPT_SANDBOXING = YES;
				GCC_C_LANGUAGE_STANDARD = gnu17;
				GCC_DYNAMIC_NO_PIC = NO;
				GCC_NO_COMMON_BLOCKS = YES;
				GCC_OPTIMIZATION_LEVEL = 0;
				GCC_PREPROCESSOR_DEFINITIONS = (
					"DEBUG=1",
					"$(inherited)",
				);
				GCC_WARN_64_TO_32_BIT_CONVERSION = YES;
				GCC_WARN_ABOUT_RETURN_TYPE = YES_ERROR;
				GCC_WARN_UNDECLARED_SELECTOR = YES;
				GCC_WARN_UNINITIALIZED_AUTOS = YES_AGGRESSIVE;
				GCC_WARN_UNUSED_FUNCTION = YES;
				GCC_WARN_UNUSED_VARIABLE = YES;
				IPHONEOS_DEPLOYMENT_TARGET = 18.0;
				LOCALIZATION_PREFERS_STRING_CATALOGS = YES;
				MTL_ENABLE_DEBUG_INFO = INCLUDE_SOURCE;
				MTL_FAST_MATH = YES;
				ONLY_ACTIVE_ARCH = YES;
				SDKROOT = iphoneos;
				SWIFT_ACTIVE_COMPILATION_CONDITIONS = "DEBUG $(inherited)";
				SWIFT_OPTIMIZATION_LEVEL = "-Onone";
			};
			name = Debug;
		};
		45602D6B2D26F8B800850A72 /* Release */ = {
			isa = XCBuildConfiguration;
			buildSettings = {
				ALWAYS_SEARCH_USER_PATHS = NO;
				ASSETCATALOG_COMPILER_GENERATE_SWIFT_ASSET_SYMBOL_EXTENSIONS = YES;
				CLANG_ANALYZER_NONNULL = YES;
				CLANG_ANALYZER_NUMBER_OBJECT_CONVERSION = YES_AGGRESSIVE;
				CLANG_CXX_LANGUAGE_STANDARD = "gnu++20";
				CLANG_ENABLE_MODULES = YES;
				CLANG_ENABLE_OBJC_ARC = YES;
				CLANG_ENABLE_OBJC_WEAK = YES;
				CLANG_WARN_BLOCK_CAPTURE_AUTORELEASING = YES;
				CLANG_WARN_BOOL_CONVERSION = YES;
				CLANG_WARN_COMMA = YES;
				CLANG_WARN_CONSTANT_CONVERSION = YES;
				CLANG_WARN_DEPRECATED_OBJC_IMPLEMENTATIONS = YES;
				CLANG_WARN_DIRECT_OBJC_ISA_USAGE = YES_ERROR;
				CLANG_WARN_DOCUMENTATION_COMMENTS = YES;
				CLANG_WARN_EMPTY_BODY = YES;
				CLANG_WARN_ENUM_CONVERSION = YES;
				CLANG_WARN_INFINITE_RECURSION = YES;
				CLANG_WARN_INT_CONVERSION = YES;
				CLANG_WARN_NON_LITERAL_NULL_CONVERSION = YES;
				CLANG_WARN_OBJC_IMPLICIT_RETAIN_SELF = YES;
				CLANG_WARN_OBJC_LITERAL_CONVERSION = YES;
				CLANG_WARN_OBJC_ROOT_CLASS = YES_ERROR;
				CLANG_WARN_QUOTED_INCLUDE_IN_FRAMEWORK_HEADER = YES;
				CLANG_WARN_RANGE_LOOP_ANALYSIS = YES;
				CLANG_WARN_STRICT_PROTOTYPES = YES;
				CLANG_WARN_SUSPICIOUS_MOVE = YES;
				CLANG_WARN_UNGUARDED_AVAILABILITY = YES_AGGRESSIVE;
				CLANG_WARN_UNREACHABLE_CODE = YES;
				CLANG_WARN__DUPLICATE_METHOD_MATCH = YES;
				COPY_PHASE_STRIP = NO;
				DEBUG_INFORMATION_FORMAT = "dwarf-with-dsym";
				ENABLE_NS_ASSERTIONS = NO;
				ENABLE_STRICT_OBJC_MSGSEND = YES;
				ENABLE_USER_SCRIPT_SANDBOXING = YES;
				GCC_C_LANGUAGE_STANDARD = gnu17;
				GCC_NO_COMMON_BLOCKS = YES;
				GCC_WARN_64_TO_32_BIT_CONVERSION = YES;
				GCC_WARN_ABOUT_RETURN_TYPE = YES_ERROR;
				GCC_WARN_UNDECLARED_SELECTOR = YES;
				GCC_WARN_UNINITIALIZED_AUTOS = YES_AGGRESSIVE;
				GCC_WARN_UNUSED_FUNCTION = YES;
				GCC_WARN_UNUSED_VARIABLE = YES;
				IPHONEOS_DEPLOYMENT_TARGET = 18.0;
				LOCALIZATION_PREFERS_STRING_CATALOGS = YES;
				MTL_ENABLE_DEBUG_INFO = NO;
				MTL_FAST_MATH = YES;
				SDKROOT = iphoneos;
				SWIFT_COMPILATION_MODE = wholemodule;
				VALIDATE_PRODUCT = YES;
			};
			name = Release;
		};
		45602D6D2D26F8B800850A72 /* Debug */ = {
			isa = XCBuildConfiguration;
			buildSettings = {
				ASSETCATALOG_COMPILER_APPICON_NAME = AppIcon;
				ASSETCATALOG_COMPILER_GLOBAL_ACCENT_COLOR_NAME = AccentColor;
				CODE_SIGN_STYLE = Automatic;
				CURRENT_PROJECT_VERSION = 1;
				DEVELOPMENT_ASSET_PATHS = "\"pia13swiftv4/Preview Content\"";
				DEVELOPMENT_TEAM = D7XUDBQTQ8;
				ENABLE_PREVIEWS = YES;
				GENERATE_INFOPLIST_FILE = YES;
				INFOPLIST_KEY_NSCameraUsageDescription = "Ta bild";
				INFOPLIST_KEY_UIApplicationSceneManifest_Generation = YES;
				INFOPLIST_KEY_UIApplicationSupportsIndirectInputEvents = YES;
				INFOPLIST_KEY_UILaunchScreen_Generation = YES;
				INFOPLIST_KEY_UISupportedInterfaceOrientations_iPad = "UIInterfaceOrientationPortrait UIInterfaceOrientationPortraitUpsideDown UIInterfaceOrientationLandscapeLeft UIInterfaceOrientationLandscapeRight";
				INFOPLIST_KEY_UISupportedInterfaceOrientations_iPhone = "UIInterfaceOrientationPortrait UIInterfaceOrientationLandscapeLeft UIInterfaceOrientationLandscapeRight";
				IPHONEOS_DEPLOYMENT_TARGET = 17;
				LD_RUNPATH_SEARCH_PATHS = (
					"$(inherited)",
					"@executable_path/Frameworks",
				);
				MARKETING_VERSION = 1.0;
				PRODUCT_BUNDLE_IDENTIFIER = "se.fatinsaleh.Swiftful-login";
				PRODUCT_NAME = "$(TARGET_NAME)";
				SWIFT_EMIT_LOC_STRINGS = YES;
				SWIFT_VERSION = 5.0;
				TARGETED_DEVICE_FAMILY = "1,2";
			};
			name = Debug;
		};
		45602D6E2D26F8B800850A72 /* Release */ = {
			isa = XCBuildConfiguration;
			buildSettings = {
				ASSETCATALOG_COMPILER_APPICON_NAME = AppIcon;
				ASSETCATALOG_COMPILER_GLOBAL_ACCENT_COLOR_NAME = AccentColor;
				CODE_SIGN_STYLE = Automatic;
				CURRENT_PROJECT_VERSION = 1;
				DEVELOPMENT_ASSET_PATHS = "\"pia13swiftv4/Preview Content\"";
				DEVELOPMENT_TEAM = D7XUDBQTQ8;
				ENABLE_PREVIEWS = YES;
				GENERATE_INFOPLIST_FILE = YES;
				INFOPLIST_KEY_NSCameraUsageDescription = "Ta bild";
				INFOPLIST_KEY_UIApplicationSceneManifest_Generation = YES;
				INFOPLIST_KEY_UIApplicationSupportsIndirectInputEvents = YES;
				INFOPLIST_KEY_UILaunchScreen_Generation = YES;
				INFOPLIST_KEY_UISupportedInterfaceOrientations_iPad = "UIInterfaceOrientationPortrait UIInterfaceOrientationPortraitUpsideDown UIInterfaceOrientationLandscapeLeft UIInterfaceOrientationLandscapeRight";
				INFOPLIST_KEY_UISupportedInterfaceOrientations_iPhone = "UIInterfaceOrientationPortrait UIInterfaceOrientationLandscapeLeft UIInterfaceOrientationLandscapeRight";
				IPHONEOS_DEPLOYMENT_TARGET = 17;
				LD_RUNPATH_SEARCH_PATHS = (
					"$(inherited)",
					"@executable_path/Frameworks",
				);
				MARKETING_VERSION = 1.0;
				PRODUCT_BUNDLE_IDENTIFIER = "se.fatinsaleh.Swiftful-login";
				PRODUCT_NAME = "$(TARGET_NAME)";
				SWIFT_EMIT_LOC_STRINGS = YES;
				SWIFT_VERSION = 5.0;
				TARGETED_DEVICE_FAMILY = "1,2";
			};
			name = Release;
		};
/* End XCBuildConfiguration section */

/* Begin XCConfigurationList section */
		45602D592D26F8B600850A72 /* Build configuration list for PBXProject "pia13swiftv4" */ = {
			isa = XCConfigurationList;
			buildConfigurations = (
				45602D6A2D26F8B800850A72 /* Debug */,
				45602D6B2D26F8B800850A72 /* Release */,
			);
			defaultConfigurationIsVisible = 0;
			defaultConfigurationName = Release;
		};
		45602D6C2D26F8B800850A72 /* Build configuration list for PBXNativeTarget "pia13swiftv4" */ = {
			isa = XCConfigurationList;
			buildConfigurations = (
				45602D6D2D26F8B800850A72 /* Debug */,
				45602D6E2D26F8B800850A72 /* Release */,
			);
			defaultConfigurationIsVisible = 0;
			defaultConfigurationName = Release;
		};
/* End XCConfigurationList section */

/* Begin XCRemoteSwiftPackageReference section */
		45152D672D40C62200471CDA /* XCRemoteSwiftPackageReference "firebase-ios-sdk" */ = {
			isa = XCRemoteSwiftPackageReference;
			repositoryURL = "https://github.com/firebase/firebase-ios-sdk.git";
			requirement = {
				kind = upToNextMajorVersion;
				minimumVersion = 11.7.0;
			};
		};
/* End XCRemoteSwiftPackageReference section */

/* Begin XCSwiftPackageProductDependency section */
		45152D682D40C62200471CDA /* FirebaseAnalytics */ = {
			isa = XCSwiftPackageProductDependency;
			package = 45152D672D40C62200471CDA /* XCRemoteSwiftPackageReference "firebase-ios-sdk" */;
			productName = FirebaseAnalytics;
		};
		45152D6A2D40C62200471CDA /* FirebaseAuth */ = {
			isa = XCSwiftPackageProductDependency;
			package = 45152D672D40C62200471CDA /* XCRemoteSwiftPackageReference "firebase-ios-sdk" */;
			productName = FirebaseAuth;
		};
		45152D6C2D40C62200471CDA /* FirebaseCore */ = {
			isa = XCSwiftPackageProductDependency;
			package = 45152D672D40C62200471CDA /* XCRemoteSwiftPackageReference "firebase-ios-sdk" */;
			productName = FirebaseCore;
		};
		45152D6E2D40C62200471CDA /* FirebaseCrashlytics */ = {
			isa = XCSwiftPackageProductDependency;
			package = 45152D672D40C62200471CDA /* XCRemoteSwiftPackageReference "firebase-ios-sdk" */;
			productName = FirebaseCrashlytics;
		};
		45152D702D40C62200471CDA /* FirebaseStorage */ = {
			isa = XCSwiftPackageProductDependency;
			package = 45152D672D40C62200471CDA /* XCRemoteSwiftPackageReference "firebase-ios-sdk" */;
			productName = FirebaseStorage;
		};
		45152D722D4102B300471CDA /* FirebaseDatabase */ = {
			isa = XCSwiftPackageProductDependency;
			package = 45152D672D40C62200471CDA /* XCRemoteSwiftPackageReference "firebase-ios-sdk" */;
			productName = FirebaseDatabase;
		};
/* End XCSwiftPackageProductDependency section */
	};
	rootObject = 45602D562D26F8B600850A72 /* Project object */;
}
